// !$*UTF8*$!
{
	archiveVersion = 1;
	classes = {
	};
	objectVersion = 45;
	objects = {

/* Begin PBXBuildFile section */
		1516AC9A11D4FD4400A0DBDF /* Default.png in Resources */ = {isa = PBXBuildFile; fileRef = 1516AC9911D4FD4400A0DBDF /* Default.png */; };
		151D0A8110D11A1800C89C83 /* EventViewController.m in Sources */ = {isa = PBXBuildFile; fileRef = 151D0A7F10D11A1800C89C83 /* EventViewController.m */; };
		151D0A8210D11A1800C89C83 /* EventViewController.xib in Resources */ = {isa = PBXBuildFile; fileRef = 151D0A8010D11A1800C89C83 /* EventViewController.xib */; };
		151D0AD710D1206800C89C83 /* DayViewController.m in Sources */ = {isa = PBXBuildFile; fileRef = 151D0AD510D1206800C89C83 /* DayViewController.m */; };
		1536BAE010F73F770090FEF2 /* AddEventViewController.m in Sources */ = {isa = PBXBuildFile; fileRef = 1536BADE10F73F770090FEF2 /* AddEventViewController.m */; };
		1536BAE110F73F770090FEF2 /* AddEventViewController.xib in Resources */ = {isa = PBXBuildFile; fileRef = 1536BADF10F73F770090FEF2 /* AddEventViewController.xib */; };
		1536BAE210F73F770090FEF2 /* AddEventViewController.m in Sources */ = {isa = PBXBuildFile; fileRef = 1536BADE10F73F770090FEF2 /* AddEventViewController.m */; };
		1536BAE310F73F770090FEF2 /* AddEventViewController.xib in Resources */ = {isa = PBXBuildFile; fileRef = 1536BADF10F73F770090FEF2 /* AddEventViewController.xib */; };
		1546871710B0C8E6008E69F1 /* QuartzCore.framework in Frameworks */ = {isa = PBXBuildFile; fileRef = 1546871610B0C8E6008E69F1 /* QuartzCore.framework */; };
		1546872510B0CF0C008E69F1 /* MapKit.framework in Frameworks */ = {isa = PBXBuildFile; fileRef = 1546872410B0CF0C008E69F1 /* MapKit.framework */; };
		1561694011B3B81000E8AA68 /* AddCalendarEventViewController.m in Sources */ = {isa = PBXBuildFile; fileRef = 1561693F11B3B81000E8AA68 /* AddCalendarEventViewController.m */; };
		1561C8D9110CB02E00176F1A /* AddDateEventViewController.m in Sources */ = {isa = PBXBuildFile; fileRef = 1561C8D7110CB02E00176F1A /* AddDateEventViewController.m */; };
		1561C8DA110CB02E00176F1A /* AddDateEventViewController.xib in Resources */ = {isa = PBXBuildFile; fileRef = 1561C8D8110CB02E00176F1A /* AddDateEventViewController.xib */; };
		1564C70811C0EC9A00A80045 /* SelectCalendarForEventViewController.m in Sources */ = {isa = PBXBuildFile; fileRef = 1564C70611C0EC9A00A80045 /* SelectCalendarForEventViewController.m */; };
		1564C70911C0EC9A00A80045 /* SelectCalendarForEventViewController.xib in Resources */ = {isa = PBXBuildFile; fileRef = 1564C70711C0EC9A00A80045 /* SelectCalendarForEventViewController.xib */; };
		1566B76511CD63EC00EB12B8 /* EventCell.m in Sources */ = {isa = PBXBuildFile; fileRef = 1566B76411CD63EC00EB12B8 /* EventCell.m */; };
		1566B83711CE1DA400EB12B8 /* Circle.m in Sources */ = {isa = PBXBuildFile; fileRef = 1566B83611CE1DA400EB12B8 /* Circle.m */; };
		1577539810DA85CC00B2F1D6 /* AddTitlePlaceEventViewController.m in Sources */ = {isa = PBXBuildFile; fileRef = 1577539610DA85CC00B2F1D6 /* AddTitlePlaceEventViewController.m */; };
		1577539910DA85CC00B2F1D6 /* AddTitlePlaceEventViewController.xib in Resources */ = {isa = PBXBuildFile; fileRef = 1577539710DA85CC00B2F1D6 /* AddTitlePlaceEventViewController.xib */; };
		15AB2B74141331E0000A4086 /* GData.framework in Frameworks */ = {isa = PBXBuildFile; fileRef = 15AB2B73141331E0000A4086 /* GData.framework */; };
		15AB2B7714133262000A4086 /* DDInvocationGrabber.m in Sources */ = {isa = PBXBuildFile; fileRef = 15AB2B7614133262000A4086 /* DDInvocationGrabber.m */; };
		15AB2B7A14133278000A4086 /* NSObject+DDExtensions.m in Sources */ = {isa = PBXBuildFile; fileRef = 15AB2B7914133278000A4086 /* NSObject+DDExtensions.m */; };
		15B377E211C7E53E00EB9314 /* Security.framework in Frameworks */ = {isa = PBXBuildFile; fileRef = 15B377E111C7E53E00EB9314 /* Security.framework */; };
		15B3786011C80A2500EB9314 /* CalendarViewController.m in Sources */ = {isa = PBXBuildFile; fileRef = 15B3785E11C80A2500EB9314 /* CalendarViewController.m */; };
		15B3786111C80A2500EB9314 /* CalendarViewController.xib in Resources */ = {isa = PBXBuildFile; fileRef = 15B3785F11C80A2500EB9314 /* CalendarViewController.xib */; };
		15B37C6B11C94F8F00EB9314 /* MBProgressHUD.m in Sources */ = {isa = PBXBuildFile; fileRef = 15B37C6A11C94F8F00EB9314 /* MBProgressHUD.m */; };
		15B37D4C11CA3CD700EB9314 /* Event.m in Sources */ = {isa = PBXBuildFile; fileRef = 15B37D4911CA3CD700EB9314 /* Event.m */; };
		15B3809311CB573300EB9314 /* Calendar.m in Sources */ = {isa = PBXBuildFile; fileRef = 15B3809211CB573300EB9314 /* Calendar.m */; };
		15BE0CBD1209B38800917A0B /* Settings.bundle in Resources */ = {isa = PBXBuildFile; fileRef = 15BE0CBC1209B38800917A0B /* Settings.bundle */; };
		15C39D85120C21C4002B12A6 /* UIColor+Extensions.m in Sources */ = {isa = PBXBuildFile; fileRef = 15C39D84120C21C4002B12A6 /* UIColor+Extensions.m */; };
		15CCCA7711D21AC900974A9F /* redButton.png in Resources */ = {isa = PBXBuildFile; fileRef = 15CCCA7611D21AC900974A9F /* redButton.png */; };
		15E7F7D911EBAB1600E4FCA6 /* SystemConfiguration.framework in Frameworks */ = {isa = PBXBuildFile; fileRef = 15E7F7D811EBAB1600E4FCA6 /* SystemConfiguration.framework */; };
		15EDB4321413264000FEB825 /* TapkuLibrary.bundle in Resources */ = {isa = PBXBuildFile; fileRef = 15EDB4311413264000FEB825 /* TapkuLibrary.bundle */; };
		15EDB441141327BF00FEB825 /* g_cal_small.png in Resources */ = {isa = PBXBuildFile; fileRef = 15EDB440141327BF00FEB825 /* g_cal_small.png */; };
		15EDB443141327D800FEB825 /* g_cal.png in Resources */ = {isa = PBXBuildFile; fileRef = 15EDB442141327D800FEB825 /* g_cal.png */; };
		15EDB4471413286800FEB825 /* libTapkuLibrary.a in Frameworks */ = {isa = PBXBuildFile; fileRef = 15EDB4461413286800FEB825 /* libTapkuLibrary.a */; };
		15FBDF2311FB10FF005D8522 /* Localizable.strings in Resources */ = {isa = PBXBuildFile; fileRef = 15FBDF2111FB10FF005D8522 /* Localizable.strings */; };
		15FBDF3511FB1449005D8522 /* MonthCalendar.m in Sources */ = {isa = PBXBuildFile; fileRef = 15FBDF3411FB1449005D8522 /* MonthCalendar.m */; };
		15FF3E6A1103330F004BBA6F /* AddNoteEventViewController.m in Sources */ = {isa = PBXBuildFile; fileRef = 15FF3E681103330F004BBA6F /* AddNoteEventViewController.m */; };
		15FF3E6B1103330F004BBA6F /* AddNoteEventViewController.xib in Resources */ = {isa = PBXBuildFile; fileRef = 15FF3E691103330F004BBA6F /* AddNoteEventViewController.xib */; };
		15FF3E6C1103330F004BBA6F /* AddNoteEventViewController.m in Sources */ = {isa = PBXBuildFile; fileRef = 15FF3E681103330F004BBA6F /* AddNoteEventViewController.m */; };
		15FF3E6D1103330F004BBA6F /* AddNoteEventViewController.xib in Resources */ = {isa = PBXBuildFile; fileRef = 15FF3E691103330F004BBA6F /* AddNoteEventViewController.xib */; };
		1D3623260D0F684500981E51 /* GoogleCalAppDelegate.m in Sources */ = {isa = PBXBuildFile; fileRef = 1D3623250D0F684500981E51 /* GoogleCalAppDelegate.m */; };
		1D60589B0D05DD56006BFB54 /* main.m in Sources */ = {isa = PBXBuildFile; fileRef = 29B97316FDCFA39411CA2CEA /* main.m */; };
		1D60589F0D05DD5A006BFB54 /* Foundation.framework in Frameworks */ = {isa = PBXBuildFile; fileRef = 1D30AB110D05D00D00671497 /* Foundation.framework */; };
		1DF5F4E00D08C38300B7A737 /* UIKit.framework in Frameworks */ = {isa = PBXBuildFile; fileRef = 1DF5F4DF0D08C38300B7A737 /* UIKit.framework */; };
		288765A50DF7441C002DB57D /* CoreGraphics.framework in Frameworks */ = {isa = PBXBuildFile; fileRef = 288765A40DF7441C002DB57D /* CoreGraphics.framework */; };
		28AD733F0D9D9553002E5188 /* MainWindow.xib in Resources */ = {isa = PBXBuildFile; fileRef = 28AD733E0D9D9553002E5188 /* MainWindow.xib */; };
		28C3AD8A0F43EF2300507BA6 /* GoogleCal.xcdatamodel in Sources */ = {isa = PBXBuildFile; fileRef = 28C3AD890F43EF2300507BA6 /* GoogleCal.xcdatamodel */; };
		28D801B40F44B63D00FB423F /* CoreData.framework in Frameworks */ = {isa = PBXBuildFile; fileRef = 28D801B30F44B63D00FB423F /* CoreData.framework */; };
/* End PBXBuildFile section */

/* Begin PBXContainerItemProxy section */
		15EDB42D1413263B00FEB825 /* PBXContainerItemProxy */ = {
			isa = PBXContainerItemProxy;
			containerPortal = 15EDB4251413263A00FEB825 /* TapkuLibrary.xcodeproj */;
			proxyType = 2;
			remoteGlobalIDString = D2AAC07E0554694100DB518D;
			remoteInfo = TapkuLibrary;
		};
		15EDB42F1413263B00FEB825 /* PBXContainerItemProxy */ = {
			isa = PBXContainerItemProxy;
			containerPortal = 15EDB4251413263A00FEB825 /* TapkuLibrary.xcodeproj */;
			proxyType = 2;
			remoteGlobalIDString = 3B45DDF1134C736600D24C1A;
			remoteInfo = LogicTests;
		};
		15EDB4441413286300FEB825 /* PBXContainerItemProxy */ = {
			isa = PBXContainerItemProxy;
			containerPortal = 15EDB4251413263A00FEB825 /* TapkuLibrary.xcodeproj */;
			proxyType = 1;
			remoteGlobalIDString = D2AAC07D0554694100DB518D;
			remoteInfo = TapkuLibrary;
		};
/* End PBXContainerItemProxy section */

/* Begin PBXFileReference section */
		1516AC9911D4FD4400A0DBDF /* Default.png */ = {isa = PBXFileReference; lastKnownFileType = image.png; path = Default.png; sourceTree = "<group>"; };
		151D0A7E10D11A1800C89C83 /* EventViewController.h */ = {isa = PBXFileReference; fileEncoding = 4; lastKnownFileType = sourcecode.c.h; name = EventViewController.h; path = Classes/EventViewController.h; sourceTree = "<group>"; };
		151D0A7F10D11A1800C89C83 /* EventViewController.m */ = {isa = PBXFileReference; fileEncoding = 4; lastKnownFileType = sourcecode.c.objc; name = EventViewController.m; path = Classes/EventViewController.m; sourceTree = "<group>"; };
		151D0A8010D11A1800C89C83 /* EventViewController.xib */ = {isa = PBXFileReference; lastKnownFileType = file.xib; name = EventViewController.xib; path = Classes/EventViewController.xib; sourceTree = "<group>"; };
		151D0AD410D1206800C89C83 /* DayViewController.h */ = {isa = PBXFileReference; fileEncoding = 4; lastKnownFileType = sourcecode.c.h; path = DayViewController.h; sourceTree = "<group>"; };
		151D0AD510D1206800C89C83 /* DayViewController.m */ = {isa = PBXFileReference; fileEncoding = 4; lastKnownFileType = sourcecode.c.objc; path = DayViewController.m; sourceTree = "<group>"; };
		1522510610E29FEA0088802F /* UnitTests.octest */ = {isa = PBXFileReference; explicitFileType = wrapper.cfbundle; includeInIndex = 0; path = UnitTests.octest; sourceTree = BUILT_PRODUCTS_DIR; };
		1522510710E29FEA0088802F /* UnitTests-Info.plist */ = {isa = PBXFileReference; lastKnownFileType = text.plist.xml; path = "UnitTests-Info.plist"; sourceTree = "<group>"; };
		1536BADD10F73F770090FEF2 /* AddEventViewController.h */ = {isa = PBXFileReference; fileEncoding = 4; lastKnownFileType = sourcecode.c.h; path = AddEventViewController.h; sourceTree = "<group>"; };
		1536BADE10F73F770090FEF2 /* AddEventViewController.m */ = {isa = PBXFileReference; fileEncoding = 4; lastKnownFileType = sourcecode.c.objc; path = AddEventViewController.m; sourceTree = "<group>"; };
		1536BADF10F73F770090FEF2 /* AddEventViewController.xib */ = {isa = PBXFileReference; lastKnownFileType = file.xib; path = AddEventViewController.xib; sourceTree = "<group>"; };
		1542283E1349E2E800609FB1 /* ko */ = {isa = PBXFileReference; fileEncoding = 4; lastKnownFileType = text.plist.strings; name = ko; path = "/Users/rafaelchacon/Sandboxes/g-cal-edge/ko.lproj/Localizable.strings"; sourceTree = "<absolute>"; };
		1546871610B0C8E6008E69F1 /* QuartzCore.framework */ = {isa = PBXFileReference; lastKnownFileType = wrapper.framework; name = QuartzCore.framework; path = ../../../../System/Library/Frameworks/QuartzCore.framework; sourceTree = SOURCE_ROOT; };
		1546872410B0CF0C008E69F1 /* MapKit.framework */ = {isa = PBXFileReference; lastKnownFileType = wrapper.framework; name = MapKit.framework; path = System/Library/Frameworks/MapKit.framework; sourceTree = SDKROOT; };
		1561693E11B3B81000E8AA68 /* AddCalendarEventViewController.h */ = {isa = PBXFileReference; fileEncoding = 4; lastKnownFileType = sourcecode.c.h; name = AddCalendarEventViewController.h; path = ../AddCalendarEventViewController.h; sourceTree = "<group>"; };
		1561693F11B3B81000E8AA68 /* AddCalendarEventViewController.m */ = {isa = PBXFileReference; fileEncoding = 4; lastKnownFileType = sourcecode.c.objc; name = AddCalendarEventViewController.m; path = ../AddCalendarEventViewController.m; sourceTree = "<group>"; };
		1561C8D6110CB02E00176F1A /* AddDateEventViewController.h */ = {isa = PBXFileReference; fileEncoding = 4; lastKnownFileType = sourcecode.c.h; path = AddDateEventViewController.h; sourceTree = "<group>"; };
		1561C8D7110CB02E00176F1A /* AddDateEventViewController.m */ = {isa = PBXFileReference; fileEncoding = 4; lastKnownFileType = sourcecode.c.objc; path = AddDateEventViewController.m; sourceTree = "<group>"; };
		1561C8D8110CB02E00176F1A /* AddDateEventViewController.xib */ = {isa = PBXFileReference; lastKnownFileType = file.xib; path = AddDateEventViewController.xib; sourceTree = "<group>"; };
		1564C70511C0EC9A00A80045 /* SelectCalendarForEventViewController.h */ = {isa = PBXFileReference; fileEncoding = 4; lastKnownFileType = sourcecode.c.h; path = SelectCalendarForEventViewController.h; sourceTree = "<group>"; };
		1564C70611C0EC9A00A80045 /* SelectCalendarForEventViewController.m */ = {isa = PBXFileReference; fileEncoding = 4; lastKnownFileType = sourcecode.c.objc; path = SelectCalendarForEventViewController.m; sourceTree = "<group>"; };
		1564C70711C0EC9A00A80045 /* SelectCalendarForEventViewController.xib */ = {isa = PBXFileReference; lastKnownFileType = file.xib; path = SelectCalendarForEventViewController.xib; sourceTree = "<group>"; };
		1566B76311CD63EC00EB12B8 /* EventCell.h */ = {isa = PBXFileReference; fileEncoding = 4; lastKnownFileType = sourcecode.c.h; path = EventCell.h; sourceTree = "<group>"; };
		1566B76411CD63EC00EB12B8 /* EventCell.m */ = {isa = PBXFileReference; fileEncoding = 4; lastKnownFileType = sourcecode.c.objc; path = EventCell.m; sourceTree = "<group>"; };
		1566B83511CE1DA400EB12B8 /* Circle.h */ = {isa = PBXFileReference; fileEncoding = 4; lastKnownFileType = sourcecode.c.h; path = Circle.h; sourceTree = "<group>"; };
		1566B83611CE1DA400EB12B8 /* Circle.m */ = {isa = PBXFileReference; fileEncoding = 4; lastKnownFileType = sourcecode.c.objc; path = Circle.m; sourceTree = "<group>"; };
		1577539510DA85CC00B2F1D6 /* AddTitlePlaceEventViewController.h */ = {isa = PBXFileReference; fileEncoding = 4; lastKnownFileType = sourcecode.c.h; path = AddTitlePlaceEventViewController.h; sourceTree = "<group>"; };
		1577539610DA85CC00B2F1D6 /* AddTitlePlaceEventViewController.m */ = {isa = PBXFileReference; fileEncoding = 4; lastKnownFileType = sourcecode.c.objc; path = AddTitlePlaceEventViewController.m; sourceTree = "<group>"; };
		1577539710DA85CC00B2F1D6 /* AddTitlePlaceEventViewController.xib */ = {isa = PBXFileReference; lastKnownFileType = file.xib; path = AddTitlePlaceEventViewController.xib; sourceTree = "<group>"; };
		1595603110B2A9CD006EC0AB /* MonthCalendar.h */ = {isa = PBXFileReference; fileEncoding = 4; lastKnownFileType = sourcecode.c.h; path = MonthCalendar.h; sourceTree = "<group>"; };
		15AB2B73141331E0000A4086 /* GData.framework */ = {isa = PBXFileReference; explicitFileType = wrapper.framework; path = GData.framework; sourceTree = SOURCE_ROOT; };
		15AB2B7514133262000A4086 /* DDInvocationGrabber.h */ = {isa = PBXFileReference; fileEncoding = 4; lastKnownFileType = sourcecode.c.h; name = DDInvocationGrabber.h; path = "other_libraries/DDFoundation-1.0b3/lib/DDInvocationGrabber.h"; sourceTree = "<group>"; };
		15AB2B7614133262000A4086 /* DDInvocationGrabber.m */ = {isa = PBXFileReference; fileEncoding = 4; lastKnownFileType = sourcecode.c.objc; name = DDInvocationGrabber.m; path = "other_libraries/DDFoundation-1.0b3/lib/DDInvocationGrabber.m"; sourceTree = "<group>"; };
		15AB2B7814133278000A4086 /* NSObject+DDExtensions.h */ = {isa = PBXFileReference; fileEncoding = 4; lastKnownFileType = sourcecode.c.h; name = "NSObject+DDExtensions.h"; path = "other_libraries/DDFoundation-1.0b3/lib/NSObject+DDExtensions.h"; sourceTree = "<group>"; };
		15AB2B7914133278000A4086 /* NSObject+DDExtensions.m */ = {isa = PBXFileReference; fileEncoding = 4; lastKnownFileType = sourcecode.c.objc; name = "NSObject+DDExtensions.m"; path = "other_libraries/DDFoundation-1.0b3/lib/NSObject+DDExtensions.m"; sourceTree = "<group>"; };
		15B377E111C7E53E00EB9314 /* Security.framework */ = {isa = PBXFileReference; lastKnownFileType = wrapper.framework; name = Security.framework; path = /System/Library/Frameworks/Security.framework; sourceTree = "<absolute>"; };
		15B3785D11C80A2500EB9314 /* CalendarViewController.h */ = {isa = PBXFileReference; fileEncoding = 4; lastKnownFileType = sourcecode.c.h; path = CalendarViewController.h; sourceTree = "<group>"; };
		15B3785E11C80A2500EB9314 /* CalendarViewController.m */ = {isa = PBXFileReference; fileEncoding = 4; lastKnownFileType = sourcecode.c.objc; path = CalendarViewController.m; sourceTree = "<group>"; };
		15B3785F11C80A2500EB9314 /* CalendarViewController.xib */ = {isa = PBXFileReference; lastKnownFileType = file.xib; path = CalendarViewController.xib; sourceTree = "<group>"; };
		15B37C6911C94F8F00EB9314 /* MBProgressHUD.h */ = {isa = PBXFileReference; fileEncoding = 4; lastKnownFileType = sourcecode.c.h; path = MBProgressHUD.h; sourceTree = "<group>"; };
		15B37C6A11C94F8F00EB9314 /* MBProgressHUD.m */ = {isa = PBXFileReference; fileEncoding = 4; lastKnownFileType = sourcecode.c.objc; path = MBProgressHUD.m; sourceTree = "<group>"; };
		15B37D4811CA3CD700EB9314 /* Event.h */ = {isa = PBXFileReference; fileEncoding = 4; lastKnownFileType = sourcecode.c.h; name = Event.h; path = ../Event.h; sourceTree = "<group>"; };
		15B37D4911CA3CD700EB9314 /* Event.m */ = {isa = PBXFileReference; fileEncoding = 4; lastKnownFileType = sourcecode.c.objc; name = Event.m; path = ../Event.m; sourceTree = "<group>"; };
		15B3809111CB573300EB9314 /* Calendar.h */ = {isa = PBXFileReference; fileEncoding = 4; lastKnownFileType = sourcecode.c.h; name = Calendar.h; path = ../Calendar.h; sourceTree = "<group>"; };
		15B3809211CB573300EB9314 /* Calendar.m */ = {isa = PBXFileReference; fileEncoding = 4; lastKnownFileType = sourcecode.c.objc; name = Calendar.m; path = ../Calendar.m; sourceTree = "<group>"; };
		15BA729512099B920064F79B /* zh_CN */ = {isa = PBXFileReference; fileEncoding = 10; lastKnownFileType = text.plist.strings; name = zh_CN; path = zh_CN.lproj/Localizable.strings; sourceTree = "<group>"; };
		15BE0CBC1209B38800917A0B /* Settings.bundle */ = {isa = PBXFileReference; lastKnownFileType = "wrapper.plug-in"; path = Settings.bundle; sourceTree = "<group>"; };
		15C39D83120C21C4002B12A6 /* UIColor+Extensions.h */ = {isa = PBXFileReference; fileEncoding = 4; lastKnownFileType = sourcecode.c.h; name = "UIColor+Extensions.h"; path = "other_libraries/UIColorExtensions/UIColor+Extensions.h"; sourceTree = "<group>"; };
		15C39D84120C21C4002B12A6 /* UIColor+Extensions.m */ = {isa = PBXFileReference; fileEncoding = 4; lastKnownFileType = sourcecode.c.objc; name = "UIColor+Extensions.m"; path = "other_libraries/UIColorExtensions/UIColor+Extensions.m"; sourceTree = "<group>"; };
		15CCCA7611D21AC900974A9F /* redButton.png */ = {isa = PBXFileReference; lastKnownFileType = image.png; path = redButton.png; sourceTree = "<group>"; };
		15E7F7D811EBAB1600E4FCA6 /* SystemConfiguration.framework */ = {isa = PBXFileReference; lastKnownFileType = wrapper.framework; name = SystemConfiguration.framework; path = System/Library/Frameworks/SystemConfiguration.framework; sourceTree = SDKROOT; };
		15EDB4251413263A00FEB825 /* TapkuLibrary.xcodeproj */ = {isa = PBXFileReference; lastKnownFileType = "wrapper.pb-project"; name = TapkuLibrary.xcodeproj; path = lib/tapkulibrary/src/TapkuLibrary.xcodeproj; sourceTree = "<group>"; };
		15EDB4311413264000FEB825 /* TapkuLibrary.bundle */ = {isa = PBXFileReference; lastKnownFileType = "wrapper.plug-in"; name = TapkuLibrary.bundle; path = lib/tapkulibrary/src/TapkuLibrary.bundle; sourceTree = "<group>"; };
		15EDB440141327BF00FEB825 /* g_cal_small.png */ = {isa = PBXFileReference; lastKnownFileType = image.png; path = g_cal_small.png; sourceTree = "<group>"; };
		15EDB442141327D800FEB825 /* g_cal.png */ = {isa = PBXFileReference; lastKnownFileType = image.png; path = g_cal.png; sourceTree = "<group>"; };
		15EDB4461413286800FEB825 /* libTapkuLibrary.a */ = {isa = PBXFileReference; explicitFileType = archive.ar; path = libTapkuLibrary.a; sourceTree = SOURCE_ROOT; };
		15FBDF2211FB10FF005D8522 /* en */ = {isa = PBXFileReference; fileEncoding = 4; lastKnownFileType = text.plist.strings; name = en; path = en.lproj/Localizable.strings; sourceTree = "<group>"; };
		15FBDF2411FB1110005D8522 /* es */ = {isa = PBXFileReference; lastKnownFileType = text.plist.strings; name = es; path = es.lproj/Localizable.strings; sourceTree = "<group>"; };
		15FBDF2611FB111C005D8522 /* fr */ = {isa = PBXFileReference; lastKnownFileType = text.plist.strings; name = fr; path = fr.lproj/Localizable.strings; sourceTree = "<group>"; };
		15FBDF3411FB1449005D8522 /* MonthCalendar.m */ = {isa = PBXFileReference; fileEncoding = 4; lastKnownFileType = sourcecode.c.objc; path = MonthCalendar.m; sourceTree = "<group>"; };
		15FF3E671103330F004BBA6F /* AddNoteEventViewController.h */ = {isa = PBXFileReference; fileEncoding = 4; lastKnownFileType = sourcecode.c.h; path = AddNoteEventViewController.h; sourceTree = "<group>"; };
		15FF3E681103330F004BBA6F /* AddNoteEventViewController.m */ = {isa = PBXFileReference; fileEncoding = 4; lastKnownFileType = sourcecode.c.objc; path = AddNoteEventViewController.m; sourceTree = "<group>"; };
		15FF3E691103330F004BBA6F /* AddNoteEventViewController.xib */ = {isa = PBXFileReference; lastKnownFileType = file.xib; path = AddNoteEventViewController.xib; sourceTree = "<group>"; };
		1D30AB110D05D00D00671497 /* Foundation.framework */ = {isa = PBXFileReference; lastKnownFileType = wrapper.framework; name = Foundation.framework; path = System/Library/Frameworks/Foundation.framework; sourceTree = SDKROOT; };
		1D3623240D0F684500981E51 /* GoogleCalAppDelegate.h */ = {isa = PBXFileReference; fileEncoding = 4; lastKnownFileType = sourcecode.c.h; path = GoogleCalAppDelegate.h; sourceTree = "<group>"; };
		1D3623250D0F684500981E51 /* GoogleCalAppDelegate.m */ = {isa = PBXFileReference; fileEncoding = 4; lastKnownFileType = sourcecode.c.objc; path = GoogleCalAppDelegate.m; sourceTree = "<group>"; };
		1D6058910D05DD3D006BFB54 /* g-Cal.app */ = {isa = PBXFileReference; explicitFileType = wrapper.application; includeInIndex = 0; path = "g-Cal.app"; sourceTree = BUILT_PRODUCTS_DIR; };
		1DF5F4DF0D08C38300B7A737 /* UIKit.framework */ = {isa = PBXFileReference; lastKnownFileType = wrapper.framework; name = UIKit.framework; path = System/Library/Frameworks/UIKit.framework; sourceTree = SDKROOT; };
		288765A40DF7441C002DB57D /* CoreGraphics.framework */ = {isa = PBXFileReference; lastKnownFileType = wrapper.framework; name = CoreGraphics.framework; path = System/Library/Frameworks/CoreGraphics.framework; sourceTree = SDKROOT; };
		28AD733E0D9D9553002E5188 /* MainWindow.xib */ = {isa = PBXFileReference; lastKnownFileType = file.xib; path = MainWindow.xib; sourceTree = "<group>"; };
		28C3AD890F43EF2300507BA6 /* GoogleCal.xcdatamodel */ = {isa = PBXFileReference; fileEncoding = 4; lastKnownFileType = wrapper.xcdatamodel; path = GoogleCal.xcdatamodel; sourceTree = "<group>"; };
		28D801B30F44B63D00FB423F /* CoreData.framework */ = {isa = PBXFileReference; lastKnownFileType = wrapper.framework; name = CoreData.framework; path = System/Library/Frameworks/CoreData.framework; sourceTree = SDKROOT; };
		29B97316FDCFA39411CA2CEA /* main.m */ = {isa = PBXFileReference; fileEncoding = 4; lastKnownFileType = sourcecode.c.objc; path = main.m; sourceTree = "<group>"; };
		32CA4F630368D1EE00C91783 /* GoogleCal_Prefix.pch */ = {isa = PBXFileReference; fileEncoding = 4; lastKnownFileType = sourcecode.c.h; path = GoogleCal_Prefix.pch; sourceTree = "<group>"; };
		8D1107310486CEB800E47090 /* GoogleCal-Info.plist */ = {isa = PBXFileReference; fileEncoding = 4; lastKnownFileType = text.plist.xml; path = "GoogleCal-Info.plist"; sourceTree = "<group>"; };
/* End PBXFileReference section */

/* Begin PBXFrameworksBuildPhase section */
		1522510310E29FEA0088802F /* Frameworks */ = {
			isa = PBXFrameworksBuildPhase;
			buildActionMask = 2147483647;
			files = (
			);
			runOnlyForDeploymentPostprocessing = 0;
		};
		1D60588F0D05DD3D006BFB54 /* Frameworks */ = {
			isa = PBXFrameworksBuildPhase;
			buildActionMask = 2147483647;
			files = (
				15AB2B74141331E0000A4086 /* GData.framework in Frameworks */,
				15EDB4471413286800FEB825 /* libTapkuLibrary.a in Frameworks */,
				1D60589F0D05DD5A006BFB54 /* Foundation.framework in Frameworks */,
				1DF5F4E00D08C38300B7A737 /* UIKit.framework in Frameworks */,
				288765A50DF7441C002DB57D /* CoreGraphics.framework in Frameworks */,
				28D801B40F44B63D00FB423F /* CoreData.framework in Frameworks */,
				1546871710B0C8E6008E69F1 /* QuartzCore.framework in Frameworks */,
				1546872510B0CF0C008E69F1 /* MapKit.framework in Frameworks */,
				15B377E211C7E53E00EB9314 /* Security.framework in Frameworks */,
				15E7F7D911EBAB1600E4FCA6 /* SystemConfiguration.framework in Frameworks */,
			);
			runOnlyForDeploymentPostprocessing = 0;
		};
/* End PBXFrameworksBuildPhase section */

/* Begin PBXGroup section */
		080E96DDFE201D6D7F000001 /* Classes */ = {
			isa = PBXGroup;
			children = (
				1566B83511CE1DA400EB12B8 /* Circle.h */,
				1566B83611CE1DA400EB12B8 /* Circle.m */,
				15B37D4811CA3CD700EB9314 /* Event.h */,
				15B37D4911CA3CD700EB9314 /* Event.m */,
				1566B76311CD63EC00EB12B8 /* EventCell.h */,
				1566B76411CD63EC00EB12B8 /* EventCell.m */,
				15B3809111CB573300EB9314 /* Calendar.h */,
				15B3809211CB573300EB9314 /* Calendar.m */,
				1561693F11B3B81000E8AA68 /* AddCalendarEventViewController.m */,
				1561693E11B3B81000E8AA68 /* AddCalendarEventViewController.h */,
				1D3623240D0F684500981E51 /* GoogleCalAppDelegate.h */,
				1D3623250D0F684500981E51 /* GoogleCalAppDelegate.m */,
			);
			path = Classes;
			sourceTree = "<group>";
		};
		1522512210E2A05A0088802F /* Tests */ = {
			isa = PBXGroup;
			children = (
			);
			name = Tests;
			sourceTree = "<group>";
		};
		1595602E10B2A955006EC0AB /* ViewControllers */ = {
			isa = PBXGroup;
			children = (
				1595603110B2A9CD006EC0AB /* MonthCalendar.h */,
				15FBDF3411FB1449005D8522 /* MonthCalendar.m */,
				15B3785D11C80A2500EB9314 /* CalendarViewController.h */,
				15B3785E11C80A2500EB9314 /* CalendarViewController.m */,
				151D0A7E10D11A1800C89C83 /* EventViewController.h */,
				151D0A7F10D11A1800C89C83 /* EventViewController.m */,
				151D0AD410D1206800C89C83 /* DayViewController.h */,
				151D0AD510D1206800C89C83 /* DayViewController.m */,
				1577539510DA85CC00B2F1D6 /* AddTitlePlaceEventViewController.h */,
				1577539610DA85CC00B2F1D6 /* AddTitlePlaceEventViewController.m */,
				1536BADD10F73F770090FEF2 /* AddEventViewController.h */,
				1536BADE10F73F770090FEF2 /* AddEventViewController.m */,
				15FF3E671103330F004BBA6F /* AddNoteEventViewController.h */,
				15FF3E681103330F004BBA6F /* AddNoteEventViewController.m */,
				1561C8D6110CB02E00176F1A /* AddDateEventViewController.h */,
				1561C8D7110CB02E00176F1A /* AddDateEventViewController.m */,
				1564C70511C0EC9A00A80045 /* SelectCalendarForEventViewController.h */,
				1564C70611C0EC9A00A80045 /* SelectCalendarForEventViewController.m */,
			);
			name = ViewControllers;
			sourceTree = "<group>";
		};
		15CCCA5811D215E700974A9F /* images */ = {
			isa = PBXGroup;
			children = (
			);
			name = images;
			sourceTree = "<group>";
		};
		15EDB4261413263A00FEB825 /* Products */ = {
			isa = PBXGroup;
			children = (
				15EDB42E1413263B00FEB825 /* libTapkuLibrary.a */,
				15EDB4301413263B00FEB825 /* LogicTests.octest */,
			);
			name = Products;
			sourceTree = "<group>";
		};
		19C28FACFE9D520D11CA2CBB /* Products */ = {
			isa = PBXGroup;
			children = (
				1D6058910D05DD3D006BFB54 /* g-Cal.app */,
				1522510610E29FEA0088802F /* UnitTests.octest */,
			);
			name = Products;
			sourceTree = "<group>";
		};
		29B97314FDCFA39411CA2CEA /* CustomTemplate */ = {
			isa = PBXGroup;
			children = (
				15EDB442141327D800FEB825 /* g_cal.png */,
				15EDB440141327BF00FEB825 /* g_cal_small.png */,
				15BE0CBC1209B38800917A0B /* Settings.bundle */,
				15CCCA5811D215E700974A9F /* images */,
				1516AC9911D4FD4400A0DBDF /* Default.png */,
				1522512210E2A05A0088802F /* Tests */,
				080E96DDFE201D6D7F000001 /* Classes */,
				1595602E10B2A955006EC0AB /* ViewControllers */,
				29B97315FDCFA39411CA2CEA /* Other Sources */,
				29B97317FDCFA39411CA2CEA /* Resources */,
				29B97323FDCFA39411CA2CEA /* Frameworks */,
				19C28FACFE9D520D11CA2CBB /* Products */,
				1522510710E29FEA0088802F /* UnitTests-Info.plist */,
			);
			name = CustomTemplate;
			sourceTree = "<group>";
		};
		29B97315FDCFA39411CA2CEA /* Other Sources */ = {
			isa = PBXGroup;
			children = (
				15C39D83120C21C4002B12A6 /* UIColor+Extensions.h */,
				15C39D84120C21C4002B12A6 /* UIColor+Extensions.m */,
				15AB2B7514133262000A4086 /* DDInvocationGrabber.h */,
				15AB2B7614133262000A4086 /* DDInvocationGrabber.m */,
				15AB2B7814133278000A4086 /* NSObject+DDExtensions.h */,
				15AB2B7914133278000A4086 /* NSObject+DDExtensions.m */,
				15B37C6911C94F8F00EB9314 /* MBProgressHUD.h */,
				15B37C6A11C94F8F00EB9314 /* MBProgressHUD.m */,
				32CA4F630368D1EE00C91783 /* GoogleCal_Prefix.pch */,
				29B97316FDCFA39411CA2CEA /* main.m */,
			);
			name = "Other Sources";
			sourceTree = "<group>";
		};
		29B97317FDCFA39411CA2CEA /* Resources */ = {
			isa = PBXGroup;
			children = (
				15CCCA7611D21AC900974A9F /* redButton.png */,
				1564C70711C0EC9A00A80045 /* SelectCalendarForEventViewController.xib */,
				1561C8D8110CB02E00176F1A /* AddDateEventViewController.xib */,
				15B3785F11C80A2500EB9314 /* CalendarViewController.xib */,
				15FF3E691103330F004BBA6F /* AddNoteEventViewController.xib */,
				1536BADF10F73F770090FEF2 /* AddEventViewController.xib */,
				1577539710DA85CC00B2F1D6 /* AddTitlePlaceEventViewController.xib */,
				151D0A8010D11A1800C89C83 /* EventViewController.xib */,
				28C3AD890F43EF2300507BA6 /* GoogleCal.xcdatamodel */,
				28AD733E0D9D9553002E5188 /* MainWindow.xib */,
				8D1107310486CEB800E47090 /* GoogleCal-Info.plist */,
				15FBDF2111FB10FF005D8522 /* Localizable.strings */,
			);
			name = Resources;
			sourceTree = "<group>";
		};
		29B97323FDCFA39411CA2CEA /* Frameworks */ = {
			isa = PBXGroup;
			children = (
				15AB2B73141331E0000A4086 /* GData.framework */,
				15EDB4461413286800FEB825 /* libTapkuLibrary.a */,
				15EDB4311413264000FEB825 /* TapkuLibrary.bundle */,
				15EDB4251413263A00FEB825 /* TapkuLibrary.xcodeproj */,
				15B377E111C7E53E00EB9314 /* Security.framework */,
				1546872410B0CF0C008E69F1 /* MapKit.framework */,
				1546871610B0C8E6008E69F1 /* QuartzCore.framework */,
				1DF5F4DF0D08C38300B7A737 /* UIKit.framework */,
				1D30AB110D05D00D00671497 /* Foundation.framework */,
				288765A40DF7441C002DB57D /* CoreGraphics.framework */,
				28D801B30F44B63D00FB423F /* CoreData.framework */,
				15E7F7D811EBAB1600E4FCA6 /* SystemConfiguration.framework */,
			);
			name = Frameworks;
			sourceTree = "<group>";
		};
/* End PBXGroup section */

/* Begin PBXNativeTarget section */
		1522510510E29FEA0088802F /* UnitTests */ = {
			isa = PBXNativeTarget;
			buildConfigurationList = 1522510A10E29FEC0088802F /* Build configuration list for PBXNativeTarget "UnitTests" */;
			buildPhases = (
				1522510110E29FEA0088802F /* Resources */,
				1522510210E29FEA0088802F /* Sources */,
				1522510310E29FEA0088802F /* Frameworks */,
				1522510410E29FEA0088802F /* ShellScript */,
			);
			buildRules = (
			);
			dependencies = (
			);
			name = UnitTests;
			productName = UnitTests;
			productReference = 1522510610E29FEA0088802F /* UnitTests.octest */;
			productType = "com.apple.product-type.bundle";
		};
		1D6058900D05DD3D006BFB54 /* g-Cal */ = {
			isa = PBXNativeTarget;
			buildConfigurationList = 1D6058960D05DD3E006BFB54 /* Build configuration list for PBXNativeTarget "g-Cal" */;
			buildPhases = (
				1D60588D0D05DD3D006BFB54 /* Resources */,
				1D60588E0D05DD3D006BFB54 /* Sources */,
				1D60588F0D05DD3D006BFB54 /* Frameworks */,
			);
			buildRules = (
			);
			dependencies = (
				15EDB4451413286300FEB825 /* PBXTargetDependency */,
			);
			name = "g-Cal";
			productName = GoogleCal;
			productReference = 1D6058910D05DD3D006BFB54 /* g-Cal.app */;
			productType = "com.apple.product-type.application";
		};
/* End PBXNativeTarget section */

/* Begin PBXProject section */
		29B97313FDCFA39411CA2CEA /* Project object */ = {
			isa = PBXProject;
			buildConfigurationList = C01FCF4E08A954540054247B /* Build configuration list for PBXProject "GoogleCal" */;
			compatibilityVersion = "Xcode 3.1";
			developmentRegion = English;
			hasScannedForEncodings = 1;
			knownRegions = (
				English,
				Japanese,
				French,
				German,
				en,
				es,
				fr,
				zh_TW,
				zh_CN,
			);
			mainGroup = 29B97314FDCFA39411CA2CEA /* CustomTemplate */;
			projectDirPath = "";
			projectReferences = (
				{
					ProductGroup = 15EDB4261413263A00FEB825 /* Products */;
					ProjectRef = 15EDB4251413263A00FEB825 /* TapkuLibrary.xcodeproj */;
				},
			);
			projectRoot = "";
			targets = (
				1D6058900D05DD3D006BFB54 /* g-Cal */,
				1522510510E29FEA0088802F /* UnitTests */,
			);
		};
/* End PBXProject section */

/* Begin PBXReferenceProxy section */
		15EDB42E1413263B00FEB825 /* libTapkuLibrary.a */ = {
			isa = PBXReferenceProxy;
			fileType = archive.ar;
			path = libTapkuLibrary.a;
			remoteRef = 15EDB42D1413263B00FEB825 /* PBXContainerItemProxy */;
			sourceTree = BUILT_PRODUCTS_DIR;
		};
		15EDB4301413263B00FEB825 /* LogicTests.octest */ = {
			isa = PBXReferenceProxy;
			fileType = wrapper.cfbundle;
			path = LogicTests.octest;
			remoteRef = 15EDB42F1413263B00FEB825 /* PBXContainerItemProxy */;
			sourceTree = BUILT_PRODUCTS_DIR;
		};
/* End PBXReferenceProxy section */

/* Begin PBXResourcesBuildPhase section */
		1522510110E29FEA0088802F /* Resources */ = {
			isa = PBXResourcesBuildPhase;
			buildActionMask = 2147483647;
			files = (
				1536BAE310F73F770090FEF2 /* AddEventViewController.xib in Resources */,
				15FF3E6D1103330F004BBA6F /* AddNoteEventViewController.xib in Resources */,
			);
			runOnlyForDeploymentPostprocessing = 0;
		};
		1D60588D0D05DD3D006BFB54 /* Resources */ = {
			isa = PBXResourcesBuildPhase;
			buildActionMask = 2147483647;
			files = (
				28AD733F0D9D9553002E5188 /* MainWindow.xib in Resources */,
				151D0A8210D11A1800C89C83 /* EventViewController.xib in Resources */,
				1577539910DA85CC00B2F1D6 /* AddTitlePlaceEventViewController.xib in Resources */,
				1536BAE110F73F770090FEF2 /* AddEventViewController.xib in Resources */,
				15FF3E6B1103330F004BBA6F /* AddNoteEventViewController.xib in Resources */,
				1561C8DA110CB02E00176F1A /* AddDateEventViewController.xib in Resources */,
				1564C70911C0EC9A00A80045 /* SelectCalendarForEventViewController.xib in Resources */,
				15B3786111C80A2500EB9314 /* CalendarViewController.xib in Resources */,
				15CCCA7711D21AC900974A9F /* redButton.png in Resources */,
				1516AC9A11D4FD4400A0DBDF /* Default.png in Resources */,
				15FBDF2311FB10FF005D8522 /* Localizable.strings in Resources */,
				15BE0CBD1209B38800917A0B /* Settings.bundle in Resources */,
				15EDB4321413264000FEB825 /* TapkuLibrary.bundle in Resources */,
				15EDB441141327BF00FEB825 /* g_cal_small.png in Resources */,
				15EDB443141327D800FEB825 /* g_cal.png in Resources */,
			);
			runOnlyForDeploymentPostprocessing = 0;
		};
/* End PBXResourcesBuildPhase section */

/* Begin PBXShellScriptBuildPhase section */
		1522510410E29FEA0088802F /* ShellScript */ = {
			isa = PBXShellScriptBuildPhase;
			buildActionMask = 2147483647;
			files = (
			);
			inputPaths = (
			);
			outputPaths = (
			);
			runOnlyForDeploymentPostprocessing = 0;
			shellPath = /bin/sh;
			shellScript = "# Run the unit tests in this test bundle.\n\"${SYSTEM_DEVELOPER_DIR}/Tools/RunUnitTests\"\n";
		};
/* End PBXShellScriptBuildPhase section */

/* Begin PBXSourcesBuildPhase section */
		1522510210E29FEA0088802F /* Sources */ = {
			isa = PBXSourcesBuildPhase;
			buildActionMask = 2147483647;
			files = (
				1536BAE210F73F770090FEF2 /* AddEventViewController.m in Sources */,
				15FF3E6C1103330F004BBA6F /* AddNoteEventViewController.m in Sources */,
			);
			runOnlyForDeploymentPostprocessing = 0;
		};
		1D60588E0D05DD3D006BFB54 /* Sources */ = {
			isa = PBXSourcesBuildPhase;
			buildActionMask = 2147483647;
			files = (
				1D60589B0D05DD56006BFB54 /* main.m in Sources */,
				1D3623260D0F684500981E51 /* GoogleCalAppDelegate.m in Sources */,
				28C3AD8A0F43EF2300507BA6 /* GoogleCal.xcdatamodel in Sources */,
				151D0A8110D11A1800C89C83 /* EventViewController.m in Sources */,
				151D0AD710D1206800C89C83 /* DayViewController.m in Sources */,
				1577539810DA85CC00B2F1D6 /* AddTitlePlaceEventViewController.m in Sources */,
				1536BAE010F73F770090FEF2 /* AddEventViewController.m in Sources */,
				15FF3E6A1103330F004BBA6F /* AddNoteEventViewController.m in Sources */,
				1561C8D9110CB02E00176F1A /* AddDateEventViewController.m in Sources */,
				1561694011B3B81000E8AA68 /* AddCalendarEventViewController.m in Sources */,
				1564C70811C0EC9A00A80045 /* SelectCalendarForEventViewController.m in Sources */,
				15B3786011C80A2500EB9314 /* CalendarViewController.m in Sources */,
				15B37C6B11C94F8F00EB9314 /* MBProgressHUD.m in Sources */,
				15B37D4C11CA3CD700EB9314 /* Event.m in Sources */,
				15B3809311CB573300EB9314 /* Calendar.m in Sources */,
				1566B76511CD63EC00EB12B8 /* EventCell.m in Sources */,
				1566B83711CE1DA400EB12B8 /* Circle.m in Sources */,
				15FBDF3511FB1449005D8522 /* MonthCalendar.m in Sources */,
				15C39D85120C21C4002B12A6 /* UIColor+Extensions.m in Sources */,
				15AB2B7714133262000A4086 /* DDInvocationGrabber.m in Sources */,
				15AB2B7A14133278000A4086 /* NSObject+DDExtensions.m in Sources */,
			);
			runOnlyForDeploymentPostprocessing = 0;
		};
/* End PBXSourcesBuildPhase section */

/* Begin PBXTargetDependency section */
		15EDB4451413286300FEB825 /* PBXTargetDependency */ = {
			isa = PBXTargetDependency;
			name = TapkuLibrary;
			targetProxy = 15EDB4441413286300FEB825 /* PBXContainerItemProxy */;
		};
/* End PBXTargetDependency section */

/* Begin PBXVariantGroup section */
		15FBDF2111FB10FF005D8522 /* Localizable.strings */ = {
			isa = PBXVariantGroup;
			children = (
				15FBDF2211FB10FF005D8522 /* en */,
				15FBDF2411FB1110005D8522 /* es */,
				15FBDF2611FB111C005D8522 /* fr */,
				15BA729512099B920064F79B /* zh_CN */,
				1542283E1349E2E800609FB1 /* ko */,
			);
			name = Localizable.strings;
			sourceTree = "<group>";
		};
/* End PBXVariantGroup section */

/* Begin XCBuildConfiguration section */
		1522510810E29FEC0088802F /* Debug */ = {
			isa = XCBuildConfiguration;
			buildSettings = {
				ALWAYS_SEARCH_USER_PATHS = NO;
				COPY_PHASE_STRIP = NO;
				FRAMEWORK_SEARCH_PATHS = (
					"\"$(SDKROOT)/Developer/Library/Frameworks\"",
					"\"$(DEVELOPER_LIBRARY_DIR)/Frameworks\"",
				);
				GCC_DYNAMIC_NO_PIC = NO;
				GCC_ENABLE_FIX_AND_CONTINUE = NO;
				GCC_ENABLE_OBJC_EXCEPTIONS = YES;
				GCC_OPTIMIZATION_LEVEL = 0;
				INFOPLIST_FILE = "UnitTests-Info.plist";
				OTHER_LDFLAGS = (
					"-framework",
					Foundation,
					"-framework",
					SenTestingKit,
					"-framework",
					UIKit,
				);
				PREBINDING = NO;
				PRODUCT_NAME = UnitTests;
				SDKROOT = iphoneos4.3;
				WRAPPER_EXTENSION = octest;
			};
			name = Debug;
		};
		1522510910E29FEC0088802F /* Release */ = {
			isa = XCBuildConfiguration;
			buildSettings = {
				ALWAYS_SEARCH_USER_PATHS = NO;
				COPY_PHASE_STRIP = YES;
				DEBUG_INFORMATION_FORMAT = "dwarf-with-dsym";
				FRAMEWORK_SEARCH_PATHS = (
					"\"$(SDKROOT)/Developer/Library/Frameworks\"",
					"\"$(DEVELOPER_LIBRARY_DIR)/Frameworks\"",
				);
				GCC_ENABLE_FIX_AND_CONTINUE = NO;
				GCC_ENABLE_OBJC_EXCEPTIONS = YES;
				INFOPLIST_FILE = "UnitTests-Info.plist";
				OTHER_LDFLAGS = (
					"-framework",
					Foundation,
					"-framework",
					SenTestingKit,
					"-framework",
					UIKit,
				);
				PREBINDING = NO;
				PRODUCT_NAME = UnitTests;
				SDKROOT = iphoneos4.3;
				WRAPPER_EXTENSION = octest;
				ZERO_LINK = NO;
			};
			name = Release;
		};
		15A6512F11E66DAD0032CB42 /* Distribution */ = {
			isa = XCBuildConfiguration;
			buildSettings = {
				ARCHS = "$(ARCHS_STANDARD_32_BIT)";
				"CODE_SIGN_IDENTITY[sdk=iphoneos*]" = "iPhone Distribution: Rafael Chacon";
				GCC_C_LANGUAGE_STANDARD = c99;
				GCC_WARN_ABOUT_RETURN_TYPE = YES;
				GCC_WARN_UNUSED_VARIABLE = YES;
				HEADER_SEARCH_PATHS = (
					"/Users/rafaelchacon/Sandboxes/tapkulibrary/**",
					"/usr/include/libxml2/**",
				);
				IPHONEOS_DEPLOYMENT_TARGET = 4.3;
				OTHER_CFLAGS = "-DDEBUG=1";
				OTHER_LDFLAGS = (
					"-all_load",
					"-ObjC",
					"-lxml2",
				);
				PREBINDING = NO;
				"PROVISIONING_PROFILE[sdk=iphoneos*]" = "F0FBF37C-AA67-4AD3-B90D-6E4DFF9BB565";
				SDKROOT = iphoneos;
			};
			name = Distribution;
		};
		15A6513011E66DAD0032CB42 /* Distribution */ = {
			isa = XCBuildConfiguration;
			buildSettings = {
				ALWAYS_SEARCH_USER_PATHS = NO;
				COPY_PHASE_STRIP = YES;
				FRAMEWORK_SEARCH_PATHS = (
					"$(inherited)",
					"\"$(SRCROOT)\"",
				);
				GCC_PRECOMPILE_PREFIX_HEADER = YES;
				GCC_PREFIX_HEADER = GoogleCal_Prefix.pch;
				GCC_VERSION = "";
				GCC_WARN_UNUSED_FUNCTION = NO;
				HEADER_SEARCH_PATHS = (
					"/usr/include/libxml2/**",
					"\"$(SRCROOT)/lib/tapkulibrary/src\"",
				);
				INFOPLIST_FILE = "GoogleCal-Info.plist";
				IPHONEOS_DEPLOYMENT_TARGET = 4.3;
				LIBRARY_SEARCH_PATHS = (
					"$(inherited)",
					"\"$(SRCROOT)/../tapkulibrary/src/build/Debug-iphonesimulator\"",
					"\"$(SRCROOT)/../tapkulibrary/src/build/Debug-iphoneos\"",
					"\"$(SRCROOT)\"",
				);
				ONLY_ACTIVE_ARCH = YES;
				PRODUCT_NAME = "g-Cal";
				SDKROOT = iphoneos;
			};
			name = Distribution;
		};
		15A6513111E66DAD0032CB42 /* Distribution */ = {
			isa = XCBuildConfiguration;
			buildSettings = {
				ALWAYS_SEARCH_USER_PATHS = NO;
				COPY_PHASE_STRIP = YES;
				DEBUG_INFORMATION_FORMAT = "dwarf-with-dsym";
				FRAMEWORK_SEARCH_PATHS = (
					"\"$(SDKROOT)/Developer/Library/Frameworks\"",
					"\"$(DEVELOPER_LIBRARY_DIR)/Frameworks\"",
				);
				GCC_ENABLE_FIX_AND_CONTINUE = NO;
				GCC_ENABLE_OBJC_EXCEPTIONS = YES;
				INFOPLIST_FILE = "UnitTests-Info.plist";
				OTHER_LDFLAGS = (
					"-framework",
					Foundation,
					"-framework",
					SenTestingKit,
					"-framework",
					UIKit,
				);
				PREBINDING = NO;
				PRODUCT_NAME = UnitTests;
				SDKROOT = iphoneos4.3;
				WRAPPER_EXTENSION = octest;
				ZERO_LINK = NO;
			};
			name = Distribution;
		};
		1D6058940D05DD3E006BFB54 /* Debug */ = {
			isa = XCBuildConfiguration;
			buildSettings = {
				ALWAYS_SEARCH_USER_PATHS = NO;
				COPY_PHASE_STRIP = NO;
				FRAMEWORK_SEARCH_PATHS = (
					"$(inherited)",
					"\"$(SRCROOT)\"",
				);
				GCC_DYNAMIC_NO_PIC = NO;
				GCC_OPTIMIZATION_LEVEL = 0;
				GCC_PRECOMPILE_PREFIX_HEADER = YES;
				GCC_PREFIX_HEADER = GoogleCal_Prefix.pch;
				GCC_VERSION = "";
				GCC_WARN_UNUSED_FUNCTION = NO;
				HEADER_SEARCH_PATHS = (
					"/usr/include/libxml2/**",
					"\"$(SRCROOT)/lib/tapkulibrary/src\"",
				);
				INFOPLIST_FILE = "GoogleCal-Info.plist";
				IPHONEOS_DEPLOYMENT_TARGET = 4.3;
				LIBRARY_SEARCH_PATHS = (
					"$(inherited)",
					"\"$(SRCROOT)/../tapkulibrary/src/build/Debug-iphonesimulator\"",
					"\"$(SRCROOT)/../tapkulibrary/src/build/Debug-iphoneos\"",
					"\"$(SRCROOT)\"",
				);
				ONLY_ACTIVE_ARCH = YES;
				PRODUCT_NAME = "g-Cal";
				SDKROOT = iphoneos;
			};
			name = Debug;
		};
		1D6058950D05DD3E006BFB54 /* Release */ = {
			isa = XCBuildConfiguration;
			buildSettings = {
				ALWAYS_SEARCH_USER_PATHS = NO;
				COPY_PHASE_STRIP = YES;
				FRAMEWORK_SEARCH_PATHS = (
					"$(inherited)",
					"\"$(SRCROOT)\"",
				);
				GCC_PRECOMPILE_PREFIX_HEADER = YES;
				GCC_PREFIX_HEADER = GoogleCal_Prefix.pch;
				GCC_VERSION = "";
				GCC_WARN_UNUSED_FUNCTION = NO;
				HEADER_SEARCH_PATHS = (
					"/usr/include/libxml2/**",
					"\"$(SRCROOT)/lib/tapkulibrary/src\"",
				);
				INFOPLIST_FILE = "GoogleCal-Info.plist";
				IPHONEOS_DEPLOYMENT_TARGET = 4.3;
				LIBRARY_SEARCH_PATHS = (
					"$(inherited)",
					"\"$(SRCROOT)/../tapkulibrary/src/build/Debug-iphonesimulator\"",
					"\"$(SRCROOT)/../tapkulibrary/src/build/Debug-iphoneos\"",
					"\"$(SRCROOT)\"",
				);
				ONLY_ACTIVE_ARCH = YES;
				PRODUCT_NAME = "g-Cal";
				SDKROOT = iphoneos;
			};
			name = Release;
		};
		C01FCF4F08A954540054247B /* Debug */ = {
			isa = XCBuildConfiguration;
			buildSettings = {
				ARCHS = "$(ARCHS_STANDARD_32_BIT)";
				"CODE_SIGN_IDENTITY[sdk=iphoneos*]" = "iPhone Developer";
				GCC_C_LANGUAGE_STANDARD = c99;
				GCC_WARN_ABOUT_RETURN_TYPE = YES;
				GCC_WARN_UNUSED_VARIABLE = YES;
				HEADER_SEARCH_PATHS = (
					"/Users/rafaelchacon/Sandboxes/tapkulibrary/**",
					"/usr/include/libxml2/**",
				);
				IPHONEOS_DEPLOYMENT_TARGET = 4.3;
				OTHER_CFLAGS = "-DDEBUG=1";
				OTHER_LDFLAGS = (
					"-all_load",
					"-ObjC",
					"-lxml2",
				);
				PREBINDING = NO;
				SDKROOT = iphoneos;
			};
			name = Debug;
		};
		C01FCF5008A954540054247B /* Release */ = {
			isa = XCBuildConfiguration;
			buildSettings = {
				ARCHS = "$(ARCHS_STANDARD_32_BIT)";
				"CODE_SIGN_IDENTITY[sdk=iphoneos*]" = "iPhone Developer";
				GCC_C_LANGUAGE_STANDARD = c99;
				GCC_WARN_ABOUT_RETURN_TYPE = YES;
				GCC_WARN_UNUSED_VARIABLE = YES;
				HEADER_SEARCH_PATHS = (
					"/Users/rafaelchacon/Sandboxes/tapkulibrary/**",
					"/usr/include/libxml2/**",
				);
				IPHONEOS_DEPLOYMENT_TARGET = 4.3;
				OTHER_CFLAGS = "-DDEBUG=1";
				OTHER_LDFLAGS = (
					"-all_load",
					"-ObjC",
					"-lxml2",
				);
				PREBINDING = NO;
				SDKROOT = iphoneos;
			};
			name = Release;
		};
/* End XCBuildConfiguration section */

/* Begin XCConfigurationList section */
		1522510A10E29FEC0088802F /* Build configuration list for PBXNativeTarget "UnitTests" */ = {
			isa = XCConfigurationList;
			buildConfigurations = (
				1522510810E29FEC0088802F /* Debug */,
				1522510910E29FEC0088802F /* Release */,
				15A6513111E66DAD0032CB42 /* Distribution */,
			);
			defaultConfigurationIsVisible = 0;
			defaultConfigurationName = Debug;
		};
		1D6058960D05DD3E006BFB54 /* Build configuration list for PBXNativeTarget "g-Cal" */ = {
			isa = XCConfigurationList;
			buildConfigurations = (
				1D6058940D05DD3E006BFB54 /* Debug */,
				1D6058950D05DD3E006BFB54 /* Release */,
				15A6513011E66DAD0032CB42 /* Distribution */,
			);
			defaultConfigurationIsVisible = 0;
			defaultConfigurationName = Debug;
		};
		C01FCF4E08A954540054247B /* Build configuration list for PBXProject "GoogleCal" */ = {
			isa = XCConfigurationList;
			buildConfigurations = (
				C01FCF4F08A954540054247B /* Debug */,
				C01FCF5008A954540054247B /* Release */,
				15A6512F11E66DAD0032CB42 /* Distribution */,
			);
			defaultConfigurationIsVisible = 0;
			defaultConfigurationName = Debug;
		};
/* End XCConfigurationList section */
	};
	rootObject = 29B97313FDCFA39411CA2CEA /* Project object */;
}
